{
  "requires": true,
  "lockfileVersion": 1,
  "dependencies": {
    "atoa": {
      "version": "1.0.0",
      "resolved": "https://registry.npmjs.org/atoa/-/atoa-1.0.0.tgz",
      "integrity": "sha1-DMDpGkgOc4+SPrwQNnZHF3mzSkk="
    },
    "bullseye": {
      "version": "1.4.6",
      "resolved": "https://registry.npmjs.org/bullseye/-/bullseye-1.4.6.tgz",
      "integrity": "sha1-tz9gb3tCc76ArGWs11KV1iYG/iQ=",
      "requires": {
        "crossvent": "^1.3.1",
        "seleccion": "2.0.0",
        "sell": "^1.0.0"
      }
    },
    "bureaucracy": {
      "version": "1.0.7",
      "resolved": "https://registry.npmjs.org/bureaucracy/-/bureaucracy-1.0.7.tgz",
      "integrity": "sha1-eeIN8kaPcDZM2dPC4SHGF4ZtrTQ=",
      "requires": {
        "contra": "1.9.4",
        "crossvent": "1.5.4",
        "xhr": "2.2.1"
      },
      "dependencies": {
        "crossvent": {
          "version": "1.5.4",
          "resolved": "https://registry.npmjs.org/crossvent/-/crossvent-1.5.4.tgz",
          "integrity": "sha1-2ixPj0DJR4JRe/K+7BBEFIGUq5I=",
          "requires": {
            "custom-event": "1.0.0"
          }
        }
      }
    },
    "contra": {
      "version": "1.9.4",
      "resolved": "https://registry.npmjs.org/contra/-/contra-1.9.4.tgz",
      "integrity": "sha1-9TveQtfltZhcrk2ZqNYQUm3o8o0=",
      "requires": {
        "atoa": "1.0.0",
        "ticky": "1.0.1"
      }
    },
    "crossvent": {
      "version": "1.5.0",
      "resolved": "https://registry.npmjs.org/crossvent/-/crossvent-1.5.0.tgz",
      "integrity": "sha1-N3nBJCaZ4ZQX8EFOYbFEdTpS/W0=",
      "requires": {
        "custom-event": "1.0.0"
      }
    },
    "custom-event": {
      "version": "1.0.0",
      "resolved": "https://registry.npmjs.org/custom-event/-/custom-event-1.0.0.tgz",
      "integrity": "sha1-LkYovhncSyFLXAJjDFlx6BFhgGI="
    },
    "dom-walk": {
      "version": "0.1.2",
      "resolved": "https://registry.npmjs.org/dom-walk/-/dom-walk-0.1.2.tgz",
      "integrity": "sha512-6QvTW9mrGeIegrFXdtQi9pk7O/nSK6lSdXW2eqUspN5LWD7UTji2Fqw5V2YLjBpHEoU9Xl/eUWNpDeZvoyOv2w=="
    },
    "global": {
      "version": "4.3.2",
      "resolved": "https://registry.npmjs.org/global/-/global-4.3.2.tgz",
      "integrity": "sha1-52mJJopsdMOJCLEwWxD8DjlOnQ8=",
      "requires": {
        "min-document": "^2.19.0",
        "process": "~0.5.1"
      }
    },
    "is-function": {
      "version": "1.0.2",
      "resolved": "https://registry.npmjs.org/is-function/-/is-function-1.0.2.tgz",
      "integrity": "sha512-lw7DUp0aWXYg+CBCN+JKkcE0Q2RayZnSvnZBlwgxHBQhqt5pZNVy4Ri7H9GmmXkdu7LUthszM+Tor1u/2iBcpQ=="
    },
    "kanye": {
      "version": "3.0.2",
      "resolved": "https://registry.npmjs.org/kanye/-/kanye-3.0.2.tgz",
      "integrity": "sha1-yqOVK9CG8yeDFpXOe4y7SBUWkb0=",
      "requires": {
        "crossvent": "^1.1.0",
        "sektor": "^1.1.2"
      }
    },
    "local-storage": {
      "version": "1.4.2",
      "resolved": "https://registry.npmjs.org/local-storage/-/local-storage-1.4.2.tgz",
      "integrity": "sha1-fsLT+38eqRqFsWDTp4UFj4e/v6U="
    },
    "min-document": {
      "version": "2.19.0",
      "resolved": "https://registry.npmjs.org/min-document/-/min-document-2.19.0.tgz",
      "integrity": "sha1-e9KC4/WELtKVu3SM3Z8f+iyCRoU=",
      "requires": {
        "dom-walk": "^0.1.0"
      }
    },
    "parse-headers": {
      "version": "2.0.3",
      "resolved": "https://registry.npmjs.org/parse-headers/-/parse-headers-2.0.3.tgz",
      "integrity": "sha512-QhhZ+DCCit2Coi2vmAKbq5RGTRcQUOE2+REgv8vdyu7MnYx2eZztegqtTx99TZ86GTIwqiy3+4nQTWZ2tgmdCA=="
    },
    "process": {
      "version": "0.5.2",
      "resolved": "https://registry.npmjs.org/process/-/process-0.5.2.tgz",
      "integrity": "sha1-FjjYqONML0QKkduVq5rrZ3/Bhc8="
    },
    "sektor": {
      "version": "1.1.5",
      "resolved": "https://registry.npmjs.org/sektor/-/sektor-1.1.5.tgz",
      "integrity": "sha1-bQa5p8NZj4sUZqaKLg70W0y2XBA="
    },
    "seleccion": {
      "version": "2.0.0",
      "resolved": "https://registry.npmjs.org/seleccion/-/seleccion-2.0.0.tgz",
      "integrity": "sha1-CYSsHo31E+OLQaYI5lBC6DgeCnM="
    },
    "sell": {
      "version": "1.0.0",
      "resolved": "https://registry.npmjs.org/sell/-/sell-1.0.0.tgz",
      "integrity": "sha1-O6yn5R943e6eIu6hrHR6Y2i9FjA="
    },
    "ticky": {
      "version": "1.0.1",
      "resolved": "https://registry.npmjs.org/ticky/-/ticky-1.0.1.tgz",
      "integrity": "sha1-t8+nHnaPHJAAxJe5FRswlHxQ5G0="
    },
    "woofmark": {
      "version": "4.2.6",
      "resolved": "https://registry.npmjs.org/woofmark/-/woofmark-4.2.6.tgz",
      "integrity": "sha512-DnCFnvnnBWelwrY6mAOj7DuHAJmZ8QB3Qbk5a6sGLMcV3KU/HXF2dbK7GnvC4WlErAPGMiznS7qXRc7f9kl+CA==",
      "requires": {
        "bullseye": "1.4.6",
        "bureaucracy": "1.0.7",
        "crossvent": "1.5.0",
        "kanye": "3.0.2",
        "local-storage": "1.4.2",
        "seleccion": "2.0.0"
      }
    },
    "xhr": {
      "version": "2.2.1",
      "resolved": "https://registry.npmjs.org/xhr/-/xhr-2.2.1.tgz",
      "integrity": "sha1-MjxNG/dp+J3xtRs2gHzT66lIA2I=",
      "requires": {
        "global": "~4.3.0",
        "is-function": "^1.0.1",
        "parse-headers": "^2.0.0",
        "xtend": "^4.0.0"
      }
    },
    "xtend": {
      "version": "4.0.2",
      "resolved": "https://registry.npmjs.org/xtend/-/xtend-4.0.2.tgz",
      "integrity": "sha512-LKYU1iAXJXUgAXn9URjiu+MWhyUXHsvfp7mcuYm9dSUKK0/CjtrUwFAxD82/mCWbtLsGjFIad0wIsod4zrTAEQ=="
    }
  }
}
